Microsoft Visual Studio Solution File, Format Version 11.00
# Visual Studio 2008

Project("{738A15ED-E4F6-9506-953E-75DE2F90C077}") = "Prototype #1 [2 weeks in]", "Assembly-CSharp.csproj", "{02E4C07B-A8F8-4091-4F01-5AE5C79DC562}"
EndProject
Global
	GlobalSection(SolutionConfigurationPlatforms) = preSolution
		Debug|Any CPU = Debug|Any CPU
		Release|Any CPU = Release|Any CPU
	EndGlobalSection
	GlobalSection(ProjectConfigurationPlatforms) = postSolution
		{02E4C07B-A8F8-4091-4F01-5AE5C79DC562}.Debug|Any CPU.ActiveCfg = Debug|Any CPU
		{02E4C07B-A8F8-4091-4F01-5AE5C79DC562}.Debug|Any CPU.Build.0 = Debug|Any CPU
		{02E4C07B-A8F8-4091-4F01-5AE5C79DC562}.Release|Any CPU.ActiveCfg = Release|Any CPU
		{02E4C07B-A8F8-4091-4F01-5AE5C79DC562}.Release|Any CPU.Build.0 = Release|Any CPU
	EndGlobalSection
	GlobalSection(SolutionProperties) = preSolution
		HideSolutionNode = FALSE
	EndGlobalSection
	GlobalSection(MonoDevelopProperties) = preSolution
		StartupItem = Assembly-CSharp.csproj
	EndGlobalSection
EndGlobal
