Microsoft Visual Studio Solution File, Format Version 11.00
# Visual Studio 2008

Project("{5990239E-D406-4F5A-C704-3F796CB83C1D}") = "Shop Demo", "Assembly-CSharp.csproj", "{D4E5C1BC-562F-DF49-F245-F8E3CE35CB5F}"
EndProject
Global
	GlobalSection(SolutionConfigurationPlatforms) = preSolution
		Debug|Any CPU = Debug|Any CPU
		Release|Any CPU = Release|Any CPU
	EndGlobalSection
	GlobalSection(ProjectConfigurationPlatforms) = postSolution
		{D4E5C1BC-562F-DF49-F245-F8E3CE35CB5F}.Debug|Any CPU.ActiveCfg = Debug|Any CPU
		{D4E5C1BC-562F-DF49-F245-F8E3CE35CB5F}.Debug|Any CPU.Build.0 = Debug|Any CPU
		{D4E5C1BC-562F-DF49-F245-F8E3CE35CB5F}.Release|Any CPU.ActiveCfg = Release|Any CPU
		{D4E5C1BC-562F-DF49-F245-F8E3CE35CB5F}.Release|Any CPU.Build.0 = Release|Any CPU
	EndGlobalSection
	GlobalSection(SolutionProperties) = preSolution
		HideSolutionNode = FALSE
	EndGlobalSection
	GlobalSection(MonoDevelopProperties) = preSolution
		StartupItem = Assembly-CSharp.csproj
	EndGlobalSection
EndGlobal
